
Microsoft Visual Studio Solution File, Format Version 10.00
# Visual Studio 2008
Project("{FAE04EC0-301F-11D3-BF4B-00C04F79EFBC}") = "STELLAR.Data", "STELLAR.Data\STELLAR.Data.csproj", "{E1065731-051E-41EB-BE40-CA60086FC616}"
EndProject
Project("{FAE04EC0-301F-11D3-BF4B-00C04F79EFBC}") = "STELLAR.Console", "STELLAR.Console\STELLAR.Console.csproj", "{E59E1E77-D30A-42F5-A557-4C0E4FD0C52A}"
EndProject
Project("{54435603-DBB4-11D2-8724-00A0C9A8B90C}") = "STELLAR.Setup", "STELLAR.Setup\STELLAR.Setup.vdproj", "{47C2AE0D-D134-4512-BED4-5EFB6DC65580}"
EndProject
Project("{E24C65DC-7377-472B-9ABA-BC803B73C61A}") = "STELLAR.Web", "STELLAR.Web\", "{21D2F77D-D2FC-4D68-BFE0-F92B3BAEB617}"
	ProjectSection(WebsiteProperties) = preProject
		TargetFramework = "3.5"
		ProjectReferences = "{E1065731-051E-41EB-BE40-CA60086FC616}|STELLAR.Data.dll;"
		Debug.AspNetCompiler.VirtualPath = "/STELLAR.Web"
		Debug.AspNetCompiler.PhysicalPath = "STELLAR.Web\"
		Debug.AspNetCompiler.TargetPath = "PrecompiledWeb\STELLAR.Web\"
		Debug.AspNetCompiler.Updateable = "true"
		Debug.AspNetCompiler.ForceOverwrite = "true"
		Debug.AspNetCompiler.FixedNames = "false"
		Debug.AspNetCompiler.Debug = "True"
		Release.AspNetCompiler.VirtualPath = "/STELLAR.Web"
		Release.AspNetCompiler.PhysicalPath = "STELLAR.Web\"
		Release.AspNetCompiler.TargetPath = "PrecompiledWeb\STELLAR.Web\"
		Release.AspNetCompiler.Updateable = "true"
		Release.AspNetCompiler.ForceOverwrite = "true"
		Release.AspNetCompiler.FixedNames = "false"
		Release.AspNetCompiler.Debug = "False"
		VWDPort = "1364"
		DefaultWebSiteLanguage = "Visual C#"
	EndProjectSection
EndProject
Project("{2150E333-8FDC-42A3-9474-1A3956D46DE8}") = "Solution Items", "Solution Items", "{8DDBDFFE-065F-4C8E-8DFC-D83B77F45D51}"
	ProjectSection(SolutionItems) = preProject
		LocalTestRun.testrunconfig = LocalTestRun.testrunconfig
		STELLAR.vsmdi = STELLAR.vsmdi
		STELLAR1.vsmdi = STELLAR1.vsmdi
	EndProjectSection
EndProject
Project("{FAE04EC0-301F-11D3-BF4B-00C04F79EFBC}") = "STELLAR.Test", "STELLAR.Test\STELLAR.Test.csproj", "{8EE2DD43-25BF-4EFE-BBB5-B580A4D05CF6}"
EndProject
Global
	GlobalSection(TestCaseManagementSettings) = postSolution
		CategoryFile = STELLAR1.vsmdi
	EndGlobalSection
	GlobalSection(SolutionConfigurationPlatforms) = preSolution
		Debug|.NET = Debug|.NET
		Debug|Any CPU = Debug|Any CPU
		Debug|Mixed Platforms = Debug|Mixed Platforms
		Release|.NET = Release|.NET
		Release|Any CPU = Release|Any CPU
		Release|Mixed Platforms = Release|Mixed Platforms
	EndGlobalSection
	GlobalSection(ProjectConfigurationPlatforms) = postSolution
		{E1065731-051E-41EB-BE40-CA60086FC616}.Debug|.NET.ActiveCfg = Debug|Any CPU
		{E1065731-051E-41EB-BE40-CA60086FC616}.Debug|Any CPU.ActiveCfg = Debug|Any CPU
		{E1065731-051E-41EB-BE40-CA60086FC616}.Debug|Any CPU.Build.0 = Debug|Any CPU
		{E1065731-051E-41EB-BE40-CA60086FC616}.Debug|Mixed Platforms.ActiveCfg = Debug|Any CPU
		{E1065731-051E-41EB-BE40-CA60086FC616}.Debug|Mixed Platforms.Build.0 = Debug|Any CPU
		{E1065731-051E-41EB-BE40-CA60086FC616}.Release|.NET.ActiveCfg = Release|Any CPU
		{E1065731-051E-41EB-BE40-CA60086FC616}.Release|Any CPU.ActiveCfg = Release|Any CPU
		{E1065731-051E-41EB-BE40-CA60086FC616}.Release|Any CPU.Build.0 = Release|Any CPU
		{E1065731-051E-41EB-BE40-CA60086FC616}.Release|Mixed Platforms.ActiveCfg = Release|Any CPU
		{E1065731-051E-41EB-BE40-CA60086FC616}.Release|Mixed Platforms.Build.0 = Release|Any CPU
		{E59E1E77-D30A-42F5-A557-4C0E4FD0C52A}.Debug|.NET.ActiveCfg = Debug|Any CPU
		{E59E1E77-D30A-42F5-A557-4C0E4FD0C52A}.Debug|Any CPU.ActiveCfg = Debug|Any CPU
		{E59E1E77-D30A-42F5-A557-4C0E4FD0C52A}.Debug|Any CPU.Build.0 = Debug|Any CPU
		{E59E1E77-D30A-42F5-A557-4C0E4FD0C52A}.Debug|Mixed Platforms.ActiveCfg = Debug|Any CPU
		{E59E1E77-D30A-42F5-A557-4C0E4FD0C52A}.Debug|Mixed Platforms.Build.0 = Debug|Any CPU
		{E59E1E77-D30A-42F5-A557-4C0E4FD0C52A}.Release|.NET.ActiveCfg = Release|Any CPU
		{E59E1E77-D30A-42F5-A557-4C0E4FD0C52A}.Release|Any CPU.ActiveCfg = Release|Any CPU
		{E59E1E77-D30A-42F5-A557-4C0E4FD0C52A}.Release|Any CPU.Build.0 = Release|Any CPU
		{E59E1E77-D30A-42F5-A557-4C0E4FD0C52A}.Release|Mixed Platforms.ActiveCfg = Release|Any CPU
		{E59E1E77-D30A-42F5-A557-4C0E4FD0C52A}.Release|Mixed Platforms.Build.0 = Release|Any CPU
		{47C2AE0D-D134-4512-BED4-5EFB6DC65580}.Debug|.NET.ActiveCfg = Debug
		{47C2AE0D-D134-4512-BED4-5EFB6DC65580}.Debug|.NET.Build.0 = Debug
		{47C2AE0D-D134-4512-BED4-5EFB6DC65580}.Debug|Any CPU.ActiveCfg = Debug
		{47C2AE0D-D134-4512-BED4-5EFB6DC65580}.Debug|Mixed Platforms.ActiveCfg = Debug
		{47C2AE0D-D134-4512-BED4-5EFB6DC65580}.Debug|Mixed Platforms.Build.0 = Debug
		{47C2AE0D-D134-4512-BED4-5EFB6DC65580}.Release|.NET.ActiveCfg = Release
		{47C2AE0D-D134-4512-BED4-5EFB6DC65580}.Release|.NET.Build.0 = Release
		{47C2AE0D-D134-4512-BED4-5EFB6DC65580}.Release|Any CPU.ActiveCfg = Release
		{47C2AE0D-D134-4512-BED4-5EFB6DC65580}.Release|Any CPU.Build.0 = Release
		{47C2AE0D-D134-4512-BED4-5EFB6DC65580}.Release|Mixed Platforms.ActiveCfg = Release
		{47C2AE0D-D134-4512-BED4-5EFB6DC65580}.Release|Mixed Platforms.Build.0 = Release
		{21D2F77D-D2FC-4D68-BFE0-F92B3BAEB617}.Debug|.NET.ActiveCfg = Debug|.NET
		{21D2F77D-D2FC-4D68-BFE0-F92B3BAEB617}.Debug|.NET.Build.0 = Debug|.NET
		{21D2F77D-D2FC-4D68-BFE0-F92B3BAEB617}.Debug|Any CPU.ActiveCfg = Debug|.NET
		{21D2F77D-D2FC-4D68-BFE0-F92B3BAEB617}.Debug|Any CPU.Build.0 = Debug|.NET
		{21D2F77D-D2FC-4D68-BFE0-F92B3BAEB617}.Debug|Mixed Platforms.ActiveCfg = Debug|.NET
		{21D2F77D-D2FC-4D68-BFE0-F92B3BAEB617}.Debug|Mixed Platforms.Build.0 = Debug|.NET
		{21D2F77D-D2FC-4D68-BFE0-F92B3BAEB617}.Release|.NET.ActiveCfg = Debug|.NET
		{21D2F77D-D2FC-4D68-BFE0-F92B3BAEB617}.Release|.NET.Build.0 = Debug|.NET
		{21D2F77D-D2FC-4D68-BFE0-F92B3BAEB617}.Release|Any CPU.ActiveCfg = Debug|.NET
		{21D2F77D-D2FC-4D68-BFE0-F92B3BAEB617}.Release|Any CPU.Build.0 = Debug|.NET
		{21D2F77D-D2FC-4D68-BFE0-F92B3BAEB617}.Release|Mixed Platforms.ActiveCfg = Debug|.NET
		{21D2F77D-D2FC-4D68-BFE0-F92B3BAEB617}.Release|Mixed Platforms.Build.0 = Debug|.NET
		{8EE2DD43-25BF-4EFE-BBB5-B580A4D05CF6}.Debug|.NET.ActiveCfg = Debug|Any CPU
		{8EE2DD43-25BF-4EFE-BBB5-B580A4D05CF6}.Debug|Any CPU.ActiveCfg = Debug|Any CPU
		{8EE2DD43-25BF-4EFE-BBB5-B580A4D05CF6}.Debug|Any CPU.Build.0 = Debug|Any CPU
		{8EE2DD43-25BF-4EFE-BBB5-B580A4D05CF6}.Debug|Mixed Platforms.ActiveCfg = Debug|Any CPU
		{8EE2DD43-25BF-4EFE-BBB5-B580A4D05CF6}.Debug|Mixed Platforms.Build.0 = Debug|Any CPU
		{8EE2DD43-25BF-4EFE-BBB5-B580A4D05CF6}.Release|.NET.ActiveCfg = Release|Any CPU
		{8EE2DD43-25BF-4EFE-BBB5-B580A4D05CF6}.Release|Any CPU.ActiveCfg = Release|Any CPU
		{8EE2DD43-25BF-4EFE-BBB5-B580A4D05CF6}.Release|Any CPU.Build.0 = Release|Any CPU
		{8EE2DD43-25BF-4EFE-BBB5-B580A4D05CF6}.Release|Mixed Platforms.ActiveCfg = Release|Any CPU
		{8EE2DD43-25BF-4EFE-BBB5-B580A4D05CF6}.Release|Mixed Platforms.Build.0 = Release|Any CPU
	EndGlobalSection
	GlobalSection(SolutionProperties) = preSolution
		HideSolutionNode = FALSE
	EndGlobalSection
EndGlobal
